
Microsoft Visual Studio Solution File, Format Version 12.00
# Visual Studio Version 16
VisualStudioVersion = 16.0.30011.22
MinimumVisualStudioVersion = 10.0.40219.1
Project("{FAE04EC0-301F-11D3-BF4B-00C04F79EFBC}") = "FM", "FM\FM.csproj", "{5C7A2147-E783-43D0-9AAC-6BDC4070FC44}"
EndProject
Global
	GlobalSection(SolutionConfigurationPlatforms) = preSolution
		Debug|Any CPU = Debug|Any CPU
		Release|Any CPU = Release|Any CPU
	EndGlobalSection
	GlobalSection(ProjectConfigurationPlatforms) = postSolution
		{5C7A2147-E783-43D0-9AAC-6BDC4070FC44}.Debug|Any CPU.ActiveCfg = Debug|Any CPU
		{5C7A2147-E783-43D0-9AAC-6BDC4070FC44}.Debug|Any CPU.Build.0 = Debug|Any CPU
		{5C7A2147-E783-43D0-9AAC-6BDC4070FC44}.Release|Any CPU.ActiveCfg = Release|Any CPU
		{5C7A2147-E783-43D0-9AAC-6BDC4070FC44}.Release|Any CPU.Build.0 = Release|Any CPU
	EndGlobalSection
	GlobalSection(SolutionProperties) = preSolution
		HideSolutionNode = FALSE
	EndGlobalSection
	GlobalSection(ExtensibilityGlobals) = postSolution
		SolutionGuid = {A9EC754A-5BDB-4060-9F65-4844C5437D48}
	EndGlobalSection
EndGlobal
